{
    "_meta": {
        "hash": {
            "sha256": "ff7db7a7ac35e51fa86ab516d7fb4e41c2a8192ec6ba35c6b68d2c3cff89048e"
        },
        "pipfile-spec": 6,
        "requires": {},
        "sources": [
            {
                "name": "pypi",
                "url": "https://pypi.python.org/simple",
                "verify_ssl": true
            }
        ]
    },
    "default": {
        "attrdict": {
            "hashes": [
                "sha256:86aeb6d3809e0344409f8148d7cac9eabce5f0b577c160b5e90d10df3f8d2ad3"
            ],
            "version": "==2.0.0"
        },
        "attrs": {
            "hashes": [
                "sha256:1c7960ccfd6a005cd9f7ba884e6316b5e430a3f1a6c37c5f87d8b43f83b54ec9",
                "sha256:a17a9573a6f475c99b551c0e0a812707ddda1ec9653bed04c13841404ed6f450"
            ],
            "index": "pypi",
            "version": "==17.4.0"
        },
        "certifi": {
            "hashes": [
                "sha256:13e698f54293db9f89122b0581843a782ad0934a4fe0172d2a980ba77fc61bb7",
                "sha256:9fa520c1bacfb634fa7af20a76bcbd3d5fb390481724c597da32c719a7dca4b0"
            ],
            "version": "==2018.4.16"
        },
        "chardet": {
            "hashes": [
                "sha256:84ab92ed1c4d4f16916e05906b6b75a6c0fb5db821cc65e70cbd64a3e2a5eaae",
                "sha256:fc323ffcaeaed0e0a02bf4d117757b98aed530d9ed4531e3e15460124c106691"
            ],
            "version": "==3.0.4"
        },
        "cytoolz": {
            "hashes": [
                "sha256:84cc06fa40aa310f2df79dd440fc5f84c3e20f01f9f7783fc9c38d0a11ba00e5"
            ],
            "version": "==0.9.0.1"
        },
        "e1839a8": {
            "editable": true,
            "path": "."
        },
        "eth-abi": {
            "hashes": [
                "sha256:3b965a707640cac5260208ceb58e02fd41b58b8e356dc95784dfdef8e3b1d4d0",
                "sha256:58aed210e49da6bd318c026d306da2bf4c63022745460a791546ac10c4982162"
            ],
            "version": "==1.0.0"
        },
        "eth-account": {
            "hashes": [
                "sha256:9e6e3ef91d193dd01528e61f526aff6737cc2f9bd5b6cec549d8521e17ffa226",
                "sha256:b2568104e11a5091251e8b28c61e9c4db4ebe5402b1e74b4a166c594387ed1ed"
            ],
            "version": "==0.2.0a0"
        },
        "eth-hash": {
            "hashes": [
                "sha256:43adcab75a957fcf8c453d5542be55e4e0bd4e166270f45b09ac69b4d6486a06",
                "sha256:8695f5f3794497d1357b2ef6e84c67a7daf4bfec1dde9f76ff6b2022c2cc03a6"
            ],
            "version": "==0.1.2"
        },
        "eth-keyfile": {
            "hashes": [
                "sha256:70d734af17efdf929a90bb95375f43522be4ed80c3b9e0a8bca575fb11cd1159",
                "sha256:939540efb503380bc30d926833e6a12b22c6750de80feef3720d79e5a79de47d"
            ],
            "version": "==0.5.1"
        },
        "eth-keys": {
            "hashes": [
                "sha256:5ab2612f457452dc0a318655051cdd05c20f4db2f445003a46c98d324101b0e4",
                "sha256:b48fc92a527bd905525855ebe45e79ba17be6654c4bedb947119648c145c74c0"
            ],
            "version": "==0.2.0b3"
        },
        "eth-rlp": {
            "hashes": [
                "sha256:1330ebf341cd13fefbd9edaa038054cb19bc38368f866eb777f1f880577ed499",
                "sha256:773bd96b4b83939822ef5d7dffa90448d5ccc2d38e5aeb03850c808ae43c183d"
            ],
            "version": "==0.1.0"
        },
        "eth-utils": {
            "hashes": [
                "sha256:097c9bf736b46a55436ed596fb5ff5229e5b7c827e201020824d81b4d50cbbaf",
                "sha256:af2b26d5d31646357df319cb77b89393609e99cf83d4ff7a12fc1abb70e3d7dd"
            ],
            "version": "==1.0.2"
        },
        "hexbytes": {
            "hashes": [
                "sha256:27cc227ae95fc20d44325ac0329a0293d656a05230da079650705030c7d7a819",
                "sha256:67e5608cb4a14d0a4ced058e595bb1f70c207ef2b5219fdc82af10e54bcf38de"
            ],
            "version": "==0.1.0"
        },
        "idna": {
            "hashes": [
                "sha256:2c6a5de3089009e3da7c5dde64a141dbc8551d5b7f6cf4ed7c2568d0cc520a8f",
                "sha256:8c7309c718f94b3a625cb648ace320157ad16ff131ae0af362c9f21b80ef6ec4"
            ],
            "version": "==2.6"
        },
        "lru-dict": {
            "hashes": [
                "sha256:365457660e3d05b76f1aba3e0f7fedbfcd6528e97c5115a351ddd0db488354cc"
            ],
            "version": "==1.1.6"
        },
        "pycryptodome": {
            "hashes": [
                "sha256:043c82cd3dd3120286a1b325ace93000cf52abb13a067c3ecb6220f874fe4c30",
                "sha256:0cdd73492859d853f60b8185715312dbca465879661e28d354d1cf5ea11860e7",
                "sha256:15013007e393d0cc0e69f4329a47c4c8597b7f3d02c12c03f805405542f70c71",
                "sha256:19d81b92bff837cdade735b9023808556bb4868e1ce194dad4d5ec4e2b2851f3",
                "sha256:1ceb3e87605c4f0080115a8a00abf45f5df27b0166a37fd669fbff4523273cfc",
                "sha256:2354a77051ed4a2959ce2aac508071eb3e42fc348ea39228b2eac335990bf508",
                "sha256:27bd2878200690b050dca34f505b5c623532324b3de40267c1484784063134df",
                "sha256:322f239e51fda80233762400a8975ab728639b571fa58545b95b9c44042af010",
                "sha256:49a71eb990af30ff6276cfe201eb83ed3640ae989c1b5973f7b55a46c94232d1",
                "sha256:4b5a2680008da3ac0cef2d3661597e0cbf8a3eb19eed35b859fd67e2de63eb85",
                "sha256:6d34fe5134eb5d62368e21e6f203ac1770bc7273e9536c4a280121312c2de53a",
                "sha256:733d5eb7e5ceed8b9d0b3c24c81f52c04cb5de6786461388204fceefe4456aa5",
                "sha256:7c73d3798fe2946953768b788ce554c0d4b390780f5e73d63bd833241af27bfe",
                "sha256:97af76f5200f15e97cac58d77f319dec40b4bada98de697c91a9517e63b41d1a",
                "sha256:97cc46ff02b99dafdc2e0385b325cec0f8a15bf8b285d6ed1d7e4a3bc2067ce1",
                "sha256:a561b59e0c3548eb649af381b7c38c6fd8392bbd4d0a8214794b2b761f405af4",
                "sha256:ab2c633bfc23cf41be9281228517cb6f87879f4f1aeb154ed72bd53ab7cc83e9",
                "sha256:adb54316998337f315520bbd8ef4d8bbd940b4ddfaef8ba1db3c137c5e499399",
                "sha256:b4a3b710287eb1fc3e2cc1af018063f003530dff00c9ea4c55ae19bc1f3923cc",
                "sha256:bcfdb66d6604882c3f96eea922552c2487cc0aec4b883cd217b9d341d2f8fad0",
                "sha256:c08c053eb8716bbbd5e13e38f453b9e46a063e68df8659f3c421dcb7519fd381",
                "sha256:e51da4ef9d9e2695a04044152f380c2db17adc9fc6fad8e24d863ead9cd548ed",
                "sha256:e850e07f54dc3de9a1efdd59d227fcd1cb30cdd307dafdc647c79e8f30cf5032",
                "sha256:ebc579c41fe26748dc1bad4f9105f08740ee28826293a28103b3875968695a5e",
                "sha256:ed94cb1b4bf24be734f2bf2db3e8ea75f3914d2f8e684291bee54bbe4a5a9151",
                "sha256:f5e19802295e63bdf83bb92849285c01f7167840efb1c1e08507a50b10ba7efa",
                "sha256:fc569682f012b1f62f8d28d8f9bc71f1de67648cd1bc124ef8ccf8db4edfc28a"
            ],
            "version": "==3.6.1"
        },
        "requests": {
            "hashes": [
                "sha256:6a1b267aa90cac58ac3a765d067950e7dbbf75b1da07e895d1f594193a40a38b",
                "sha256:9c443e7324ba5b85070c4a818ade28bfabedf16ea10206da1132edaa6dda237e"
            ],
            "version": "==2.18.4"
        },
        "rlp": {
            "hashes": [
                "sha256:87879a0ba1479b760cee98af165de2eee95258b261faa293199f60742be96f34"
            ],
            "version": "==0.6.0"
        },
        "six": {
            "hashes": [
                "sha256:70e8a77beed4562e7f14fe23a786b54f6296e34344c23bc42f07b15018ff98e9",
                "sha256:832dc0e10feb1aa2c68dcc57dbb658f1c7e65b9b61af69048abc87a2db00a0eb"
            ],
            "version": "==1.11.0"
        },
        "tenacity": {
            "hashes": [
                "sha256:aef2dd632db5e265b8015f912193045ad4b718e785d4680851715eae146fa701",
                "sha256:d03e26302d608209c8af482367a06a29e85900959d37ff1aeee56ab54f54595a"
            ],
            "index": "pypi",
            "version": "==4.10.0"
        },
        "toolz": {
            "hashes": [
                "sha256:929f0a7ea7f61c178bd951bdae93920515d3fbdbafc8e6caf82d752b9b3b31c9"
            ],
            "version": "==0.9.0"
        },
        "urllib3": {
            "hashes": [
                "sha256:06330f386d6e4b195fbfc736b297f58c5a892e4440e54d294d7004e3a9bbea1b",
                "sha256:cc44da8e1145637334317feebd728bd869a35285b93cbb4cca2577da7e62db4f"
            ],
            "version": "==1.22"
        },
        "web3": {
            "hashes": [
                "sha256:3d362076adb6b657f8d38861d6ce5191e381f3628f0690885d37561dcae69bf8",
                "sha256:9c94f2dbf96c1dcd5e226050a29ba91c83b25266c085b479b1ddd76ed0044882"
            ],
            "index": "pypi",
            "version": "==4.0.0"
        }
    },
    "develop": {
        "astor": {
            "hashes": [
                "sha256:64c805f1ad6fbc505633416b6174fc23796eb164f371a7dc1f3951ea30560fb5",
                "sha256:ff6d2e2962d834acb125cc4dcc80c54a8c17c253f4cc9d9c43b5102a560bb75d"
            ],
            "index": "pypi",
            "version": "==0.6.2"
        },
        "astroid": {
            "hashes": [
                "sha256:35cfae47aac19c7b407b7095410e895e836f2285ccf1220336afba744cc4c5f2",
                "sha256:38186e481b65877fd8b1f9acc33e922109e983eb7b6e487bd4c71002134ad331"
            ],
            "version": "==1.6.3"
        },
        "attrs": {
            "hashes": [
                "sha256:1c7960ccfd6a005cd9f7ba884e6316b5e430a3f1a6c37c5f87d8b43f83b54ec9",
                "sha256:a17a9573a6f475c99b551c0e0a812707ddda1ec9653bed04c13841404ed6f450"
            ],
            "index": "pypi",
            "version": "==17.4.0"
        },
        "autopep8": {
            "hashes": [
                "sha256:2284d4ae2052fedb9f466c09728e30d2e231cfded5ffd7b1a20c34123fdc4ba4"
            ],
            "version": "==1.3.5"
        },
        "backcall": {
            "hashes": [
                "sha256:38ecd85be2c1e78f77fd91700c76e14667dc21e2713b63876c0eb901196e01e4",
                "sha256:bbbf4b1e5cd2bdb08f915895b51081c041bac22394fdfcfdfbe9f14b77c08bf2"
            ],
            "version": "==0.1.0"
        },
        "black": {
            "hashes": [
                "sha256:cecee6dc0250661cf86dced28adddf3b65bb669636638745e488e7c1d718e8be",
                "sha256:d5cb273f9fc36ff89f07b84efe50a73d9177158162917198ed4263cd1c40d585"
            ],
            "index": "pypi",
            "version": "==18.4a2"
        },
        "click": {
            "hashes": [
                "sha256:29f99fc6125fbc931b758dc053b3114e55c77a6e4c6c3a2674a2dc986016381d",
                "sha256:f15516df478d5a56180fbf80e68f206010e6d160fc39fa508b65e035fd75130b"
            ],
            "version": "==6.7"
        },
        "configparser": {
            "hashes": [
                "sha256:5308b47021bc2340965c371f0f058cc6971a04502638d4244225c49d80db273a"
            ],
            "version": "==3.5.0"
        },
        "coverage": {
            "hashes": [
                "sha256:03481e81d558d30d230bc12999e3edffe392d244349a90f4ef9b88425fac74ba",
                "sha256:0b136648de27201056c1869a6c0d4e23f464750fd9a9ba9750b8336a244429ed",
                "sha256:104ab3934abaf5be871a583541e8829d6c19ce7bde2923b2751e0d3ca44db60a",
                "sha256:15b111b6a0f46ee1a485414a52a7ad1d703bdf984e9ed3c288a4414d3871dcbd",
                "sha256:198626739a79b09fa0a2f06e083ffd12eb55449b5f8bfdbeed1df4910b2ca640",
                "sha256:1c383d2ef13ade2acc636556fd544dba6e14fa30755f26812f54300e401f98f2",
                "sha256:28b2191e7283f4f3568962e373b47ef7f0392993bb6660d079c62bd50fe9d162",
                "sha256:2eb564bbf7816a9d68dd3369a510be3327f1c618d2357fa6b1216994c2e3d508",
                "sha256:337ded681dd2ef9ca04ef5d93cfc87e52e09db2594c296b4a0a3662cb1b41249",
                "sha256:3a2184c6d797a125dca8367878d3b9a178b6fdd05fdc2d35d758c3006a1cd694",
                "sha256:3c79a6f7b95751cdebcd9037e4d06f8d5a9b60e4ed0cd231342aa8ad7124882a",
                "sha256:3d72c20bd105022d29b14a7d628462ebdc61de2f303322c0212a054352f3b287",
                "sha256:3eb42bf89a6be7deb64116dd1cc4b08171734d721e7a7e57ad64cc4ef29ed2f1",
                "sha256:4635a184d0bbe537aa185a34193898eee409332a8ccb27eea36f262566585000",
                "sha256:56e448f051a201c5ebbaa86a5efd0ca90d327204d8b059ab25ad0f35fbfd79f1",
                "sha256:5a13ea7911ff5e1796b6d5e4fbbf6952381a611209b736d48e675c2756f3f74e",
                "sha256:69bf008a06b76619d3c3f3b1983f5145c75a305a0fea513aca094cae5c40a8f5",
                "sha256:6bc583dc18d5979dc0f6cec26a8603129de0304d5ae1f17e57a12834e7235062",
                "sha256:701cd6093d63e6b8ad7009d8a92425428bc4d6e7ab8d75efbb665c806c1d79ba",
                "sha256:7608a3dd5d73cb06c531b8925e0ef8d3de31fed2544a7de6c63960a1e73ea4bc",
                "sha256:76ecd006d1d8f739430ec50cc872889af1f9c1b6b8f48e29941814b09b0fd3cc",
                "sha256:7aa36d2b844a3e4a4b356708d79fd2c260281a7390d678a10b91ca595ddc9e99",
                "sha256:7d3f553904b0c5c016d1dad058a7554c7ac4c91a789fca496e7d8347ad040653",
                "sha256:7e1fe19bd6dce69d9fd159d8e4a80a8f52101380d5d3a4d374b6d3eae0e5de9c",
                "sha256:8c3cb8c35ec4d9506979b4cf90ee9918bc2e49f84189d9bf5c36c0c1119c6558",
                "sha256:9d6dd10d49e01571bf6e147d3b505141ffc093a06756c60b053a859cb2128b1f",
                "sha256:9e112fcbe0148a6fa4f0a02e8d58e94470fc6cb82a5481618fea901699bf34c4",
                "sha256:ac4fef68da01116a5c117eba4dd46f2e06847a497de5ed1d64bb99a5fda1ef91",
                "sha256:b8815995e050764c8610dbc82641807d196927c3dbed207f0a079833ffcf588d",
                "sha256:be6cfcd8053d13f5f5eeb284aa8a814220c3da1b0078fa859011c7fffd86dab9",
                "sha256:c1bb572fab8208c400adaf06a8133ac0712179a334c09224fb11393e920abcdd",
                "sha256:de4418dadaa1c01d497e539210cb6baa015965526ff5afc078c57ca69160108d",
                "sha256:e05cb4d9aad6233d67e0541caa7e511fa4047ed7750ec2510d466e806e0255d6",
                "sha256:e4d96c07229f58cb686120f168276e434660e4358cc9cf3b0464210b04913e77",
                "sha256:f3f501f345f24383c0000395b26b726e46758b71393267aeae0bd36f8b3ade80",
                "sha256:f8a923a85cb099422ad5a2e345fe877bbc89a8a8b23235824a93488150e45f6e"
            ],
            "version": "==4.5.1"
        },
        "decorator": {
            "hashes": [
                "sha256:2c51dff8ef3c447388fe5e4453d24a2bf128d3a4c32af3fabef1f01c6851ab82",
                "sha256:c39efa13fbdeb4506c476c9b3babf6a718da943dab7811c206005a4a956c080c"
            ],
            "version": "==4.3.0"
        },
        "epc": {
            "hashes": [
                "sha256:a14d2ea74817955a20eb00812e3a4630a132897eb4d976420240f1152c0d7d25"
            ],
            "index": "pypi",
            "version": "==0.0.5"
        },
        "flake8": {
            "hashes": [
                "sha256:7253265f7abd8b313e3892944044a365e3f4ac3fcdcfb4298f55ee9ddf188ba0",
                "sha256:c7841163e2b576d435799169b78703ad6ac1bbb0f199994fc05f700b2a90ea37"
            ],
            "index": "pypi",
            "version": "==3.5.0"
        },
        "future": {
            "hashes": [
                "sha256:e39ced1ab767b5936646cedba8bcce582398233d6a627067d4c6a454c90cfedb"
            ],
            "version": "==0.16.0"
        },
        "importmagic": {
            "hashes": [
                "sha256:3f7757a5b74c9a291e20e12023bb3bf71bc2fa3adfb15a08570648ab83eaf8d8"
            ],
            "index": "pypi",
            "version": "==0.1.7"
        },
        "ipython": {
            "hashes": [
                "sha256:85882f97d75122ff8cdfe129215a408085a26039527110c8d4a2b8a5e45b7639",
                "sha256:a6ac981381b3f5f604b37a293369963485200e3639fb0404fa76092383c10c41"
            ],
            "index": "pypi",
            "version": "==6.3.1"
        },
        "ipython-genutils": {
            "hashes": [
                "sha256:72dd37233799e619666c9f639a9da83c34013a73e8bbc79a7a6348d93c61fab8",
                "sha256:eb2e116e75ecef9d4d228fdc66af54269afa26ab4463042e33785b887c628ba8"
            ],
            "version": "==0.2.0"
        },
        "isort": {
            "hashes": [
                "sha256:1153601da39a25b14ddc54955dbbacbb6b2d19135386699e2ad58517953b34af",
                "sha256:b9c40e9750f3d77e6e4d441d8b0266cf555e7cdabdcff33c4fd06366ca761ef8",
                "sha256:ec9ef8f4a9bc6f71eec99e1806bfa2de401650d996c59330782b89a5555c1497"
            ],
            "version": "==4.3.4"
        },
        "jedi": {
            "hashes": [
                "sha256:d6e799d04d1ade9459ed0f20de47c32f2285438956a677d083d3c98def59fa97",
                "sha256:d795f2c2e659f5ea39a839e5230d70a0b045d0daee7ca2403568d8f348d0ad89"
            ],
            "version": "==0.11.1"
        },
        "lazy-object-proxy": {
            "hashes": [
                "sha256:0ce34342b419bd8f018e6666bfef729aec3edf62345a53b537a4dcc115746a33",
                "sha256:1b668120716eb7ee21d8a38815e5eb3bb8211117d9a90b0f8e21722c0758cc39",
                "sha256:209615b0fe4624d79e50220ce3310ca1a9445fd8e6d3572a896e7f9146bbf019",
                "sha256:27bf62cb2b1a2068d443ff7097ee33393f8483b570b475db8ebf7e1cba64f088",
                "sha256:27ea6fd1c02dcc78172a82fc37fcc0992a94e4cecf53cb6d73f11749825bd98b",
                "sha256:2c1b21b44ac9beb0fc848d3993924147ba45c4ebc24be19825e57aabbe74a99e",
                "sha256:2df72ab12046a3496a92476020a1a0abf78b2a7db9ff4dc2036b8dd980203ae6",
                "sha256:320ffd3de9699d3892048baee45ebfbbf9388a7d65d832d7e580243ade426d2b",
                "sha256:50e3b9a464d5d08cc5227413db0d1c4707b6172e4d4d915c1c70e4de0bbff1f5",
                "sha256:5276db7ff62bb7b52f77f1f51ed58850e315154249aceb42e7f4c611f0f847ff",
                "sha256:61a6cf00dcb1a7f0c773ed4acc509cb636af2d6337a08f362413c76b2b47a8dd",
                "sha256:6ae6c4cb59f199d8827c5a07546b2ab7e85d262acaccaacd49b62f53f7c456f7",
                "sha256:7661d401d60d8bf15bb5da39e4dd72f5d764c5aff5a86ef52a042506e3e970ff",
                "sha256:7bd527f36a605c914efca5d3d014170b2cb184723e423d26b1fb2fd9108e264d",
                "sha256:7cb54db3535c8686ea12e9535eb087d32421184eacc6939ef15ef50f83a5e7e2",
                "sha256:7f3a2d740291f7f2c111d86a1c4851b70fb000a6c8883a59660d95ad57b9df35",
                "sha256:81304b7d8e9c824d058087dcb89144842c8e0dea6d281c031f59f0acf66963d4",
                "sha256:933947e8b4fbe617a51528b09851685138b49d511af0b6c0da2539115d6d4514",
                "sha256:94223d7f060301b3a8c09c9b3bc3294b56b2188e7d8179c762a1cda72c979252",
                "sha256:ab3ca49afcb47058393b0122428358d2fbe0408cf99f1b58b295cfeb4ed39109",
                "sha256:bd6292f565ca46dee4e737ebcc20742e3b5be2b01556dafe169f6c65d088875f",
                "sha256:cb924aa3e4a3fb644d0c463cad5bc2572649a6a3f68a7f8e4fbe44aaa6d77e4c",
                "sha256:d0fc7a286feac9077ec52a927fc9fe8fe2fabab95426722be4c953c9a8bede92",
                "sha256:ddc34786490a6e4ec0a855d401034cbd1242ef186c20d79d2166d6a4bd449577",
                "sha256:e34b155e36fa9da7e1b7c738ed7767fc9491a62ec6af70fe9da4a057759edc2d",
                "sha256:e5b9e8f6bda48460b7b143c3821b21b452cb3a835e6bbd5dd33aa0c8d3f5137d",
                "sha256:e81ebf6c5ee9684be8f2c87563880f93eedd56dd2b6146d8a725b50b7e5adb0f",
                "sha256:eb91be369f945f10d3a49f5f9be8b3d0b93a4c2be8f8a5b83b0571b8123e0a7a",
                "sha256:f460d1ceb0e4a5dcb2a652db0904224f367c9b3c1470d5a7683c0480e582468b"
            ],
            "version": "==1.3.1"
        },
        "mccabe": {
            "hashes": [
                "sha256:ab8a6258860da4b6677da4bd2fe5dc2c659cff31b3ee4f7f5d64e79735b80d42",
                "sha256:dd8d182285a0fe56bace7f45b5e7d1a6ebcbf524e8f3bd87eb0f125271b8831f"
            ],
            "version": "==0.6.1"
        },
        "more-itertools": {
            "hashes": [
                "sha256:0dd8f72eeab0d2c3bd489025bb2f6a1b8342f9b198f6fc37b52d15cfa4531fea",
                "sha256:11a625025954c20145b37ff6309cd54e39ca94f72f6bb9576d1195db6fa2442e",
                "sha256:c9ce7eccdcb901a2c75d326ea134e0886abfbea5f93e91cc95de9507c0816c44"
            ],
            "version": "==4.1.0"
        },
        "mypy": {
            "hashes": [
                "sha256:04bffef22377b3f56f96da2d032e5d0b2e8a9062a127afc008dc4b0e64cede7a",
                "sha256:cdd3ddf96a2cc2e955bcc7b2a16b25e400f132393375b45a2d719c91ac1a8291"
            ],
            "version": "==0.590"
        },
        "parso": {
            "hashes": [
                "sha256:5815f3fe254e5665f3c5d6f54f086c2502035cb631a91341591b5a564203cffb",
                "sha256:a7bb86fe0844304869d1c08e8bd0e52be931228483025c422917411ab82d628a"
            ],
            "version": "==0.1.1"
        },
        "pexpect": {
            "hashes": [
                "sha256:9783f4644a3ef8528a6f20374eeb434431a650c797ca6d8df0d81e30fffdfa24",
                "sha256:9f8eb3277716a01faafaba553d629d3d60a1a624c7cf45daa600d2148c30020c"
            ],
            "markers": "sys_platform != 'win32'",
            "version": "==4.5.0"
        },
        "pickleshare": {
            "hashes": [
                "sha256:84a9257227dfdd6fe1b4be1319096c20eb85ff1e82c7932f36efccfe1b09737b",
                "sha256:c9a2541f25aeabc070f12f452e1f2a8eae2abd51e1cd19e8430402bdf4c1d8b5"
            ],
            "version": "==0.7.4"
        },
        "pluggy": {
            "hashes": [
                "sha256:7f8ae7f5bdf75671a718d2daf0a64b7885f74510bcd98b1a0bb420eb9a9d0cff",
                "sha256:d345c8fe681115900d6da8d048ba67c25df42973bda370783cd58826442dcd7c",
                "sha256:e160a7fcf25762bb60efc7e171d4497ff1d8d2d75a3d0df7a21b76821ecbf5c5"
            ],
            "version": "==0.6.0"
        },
        "prompt-toolkit": {
            "hashes": [
                "sha256:1df952620eccb399c53ebb359cc7d9a8d3a9538cb34c5a1344bdbeb29fbcc381",
                "sha256:3f473ae040ddaa52b52f97f6b4a493cfa9f5920c255a12dc56a7d34397a398a4",
                "sha256:858588f1983ca497f1cf4ffde01d978a3ea02b01c8a26a8bbc5cd2e66d816917"
            ],
            "version": "==1.0.15"
        },
        "ptyprocess": {
            "hashes": [
                "sha256:e64193f0047ad603b71f202332ab5527c5e52aa7c8b609704fc28c0dc20c4365",
                "sha256:e8c43b5eee76b2083a9badde89fd1bbce6c8942d1045146e100b7b5e014f4f1a"
            ],
            "version": "==0.5.2"
        },
        "py": {
            "hashes": [
                "sha256:29c9fab495d7528e80ba1e343b958684f4ace687327e6f789a94bf3d1915f881",
                "sha256:983f77f3331356039fdd792e9220b7b8ee1aa6bd2b25f567a963ff1de5a64f6a"
            ],
            "version": "==1.5.3"
        },
        "pycodestyle": {
            "hashes": [
                "sha256:1ec08a51c901dfe44921576ed6e4c1f5b7ecbad403f871397feedb5eb8e4fa14",
                "sha256:5ff2fbcbab997895ba9ead77e1b38b3ebc2e5c3b8a6194ef918666e4c790a00e",
                "sha256:682256a5b318149ca0d2a9185d365d8864a768a28db66a84a2ea946bcc426766",
                "sha256:6c4245ade1edfad79c3446fadfc96b0de2759662dc29d07d80a6f27ad1ca6ba9"
            ],
            "version": "==2.3.1"
        },
        "pydocstyle": {
            "hashes": [
                "sha256:08a870edc94508264ed90510db466c6357c7192e0e866561d740624a8fc7d90c",
                "sha256:4d5bcde961107873bae621f3d580c3e35a426d3687ffc6f8fb356f6628da5a97",
                "sha256:af9fcccb303899b83bec82dc9a1d56c60fc369973223a5e80c3dfa9bdf984405"
            ],
            "version": "==2.1.1"
        },
        "pyflakes": {
            "hashes": [
                "sha256:08bd6a50edf8cffa9fa09a463063c425ecaaf10d1eb0335a7e8b1401aef89e6f",
                "sha256:8d616a382f243dbf19b54743f280b80198be0bca3a5396f1d2e1fca6223e8805"
            ],
            "version": "==1.6.0"
        },
        "pygments": {
            "hashes": [
                "sha256:78f3f434bcc5d6ee09020f92ba487f95ba50f1e3ef83ae96b9d5ffa1bab25c5d",
                "sha256:dbae1046def0efb574852fab9e90209b23f556367b5a320c0bcb871c77c3e8cc"
            ],
            "version": "==2.2.0"
        },
        "pylint": {
            "hashes": [
                "sha256:0b7e6b5d9f1d4e0b554b5d948f14ed7969e8cdf9a0120853e6e5af60813b18ab",
                "sha256:34738a82ab33cbd3bb6cd4cef823dbcabdd2b6b48a4e3a3054a2bbbf0c712be9"
            ],
            "index": "pypi",
            "version": "==1.8.4"
        },
        "pyls-isort": {
            "hashes": [
                "sha256:5bad833dab833c4e8d61172428c6ff16e4d334d986fe5dd809aa55c2e7e4fb7f",
                "sha256:eaf323e12d652ed4ccf8365c1f65d55923e5ee5a9cbfa27bdd5f2941a14d16e6"
            ],
            "index": "pypi",
            "version": "==0.1.1"
        },
        "pyls-mypy": {
            "hashes": [
                "sha256:274316ed469323162a8f7a25b6d10985ab59ee624c18808f1adccea2ac87d215"
            ],
            "index": "pypi",
            "version": "==0.1.2"
        },
        "pytest": {
            "hashes": [
                "sha256:6266f87ab64692112e5477eba395cfedda53b1933ccd29478e671e73b420c19c",
                "sha256:fae491d1874f199537fd5872b5e1f0e74a009b979df9d53d1553fd03da1703e1"
            ],
            "index": "pypi",
            "version": "==3.5.0"
        },
        "pytest-cov": {
            "hashes": [
                "sha256:03aa752cf11db41d281ea1d807d954c4eda35cfa1b21d6971966cc041bbf6e2d",
                "sha256:890fe5565400902b0c78b5357004aab1c814115894f4f21370e2433256a3eeec"
            ],
            "index": "pypi",
            "version": "==2.5.1"
        },
        "pytest-lazy-fixture": {
            "hashes": [
                "sha256:058ada0d59b0488bd89e1a6fb79a4cd693e10527c1bc1011ed5c180224e74b63"
            ],
            "index": "pypi",
            "version": "==0.4.0"
        },
        "python-language-server": {
            "hashes": [
                "sha256:2a55ea8d240c375d1b4badb013ab29afd697b876b59f06171cee6d1239dc2221"
            ],
            "index": "pypi",
            "version": "==0.17.2"
        },
        "rope": {
            "hashes": [
                "sha256:a09edfd2034fd50099a67822f9bd851fbd0f4e98d3b87519f6267b60e50d80d1"
            ],
            "version": "==0.10.7"
        },
        "sexpdata": {
            "hashes": [
                "sha256:1ac827a616c5e87ebb60fd6686fb86f8a166938c645f4089d92de3ffbdd494e0"
            ],
            "version": "==0.0.3"
        },
        "simplegeneric": {
            "hashes": [
                "sha256:dc972e06094b9af5b855b3df4a646395e43d1c9d0d39ed345b7393560d0b9173"
            ],
            "version": "==0.8.1"
        },
        "six": {
            "hashes": [
                "sha256:70e8a77beed4562e7f14fe23a786b54f6296e34344c23bc42f07b15018ff98e9",
                "sha256:832dc0e10feb1aa2c68dcc57dbb658f1c7e65b9b61af69048abc87a2db00a0eb"
            ],
            "version": "==1.11.0"
        },
        "snowballstemmer": {
            "hashes": [
                "sha256:919f26a68b2c17a7634da993d91339e288964f93c274f1343e3bbbe2096e1128",
                "sha256:9f3bcd3c401c3e862ec0ebe6d2c069ebc012ce142cce209c098ccb5b09136e89"
            ],
            "version": "==1.2.1"
        },
        "traitlets": {
            "hashes": [
                "sha256:9c4bd2d267b7153df9152698efb1050a5d84982d3384a37b2c1f7723ba3e7835",
                "sha256:c6cb5e6f57c5a9bdaa40fa71ce7b4af30298fbab9ece9815b5d995ab6217c7d9"
            ],
            "version": "==4.3.2"
        },
        "typed-ast": {
            "hashes": [
                "sha256:0948004fa228ae071054f5208840a1e88747a357ec1101c17217bfe99b299d58",
                "sha256:25d8feefe27eb0303b73545416b13d108c6067b846b543738a25ff304824ed9a",
                "sha256:29464a177d56e4e055b5f7b629935af7f49c196be47528cc94e0a7bf83fbc2b9",
                "sha256:2e214b72168ea0275efd6c884b114ab42e316de3ffa125b267e732ed2abda892",
                "sha256:3e0d5e48e3a23e9a4d1a9f698e32a542a4a288c871d33ed8df1b092a40f3a0f9",
                "sha256:519425deca5c2b2bdac49f77b2c5625781abbaf9a809d727d3a5596b30bb4ded",
                "sha256:57fe287f0cdd9ceaf69e7b71a2e94a24b5d268b35df251a88fef5cc241bf73aa",
                "sha256:668d0cec391d9aed1c6a388b0d5b97cd22e6073eaa5fbaa6d2946603b4871efe",
                "sha256:68ba70684990f59497680ff90d18e756a47bf4863c604098f10de9716b2c0bdd",
                "sha256:6de012d2b166fe7a4cdf505eee3aaa12192f7ba365beeefaca4ec10e31241a85",
                "sha256:79b91ebe5a28d349b6d0d323023350133e927b4de5b651a8aa2db69c761420c6",
                "sha256:8550177fa5d4c1f09b5e5f524411c44633c80ec69b24e0e98906dd761941ca46",
                "sha256:a8034021801bc0440f2e027c354b4eafd95891b573e12ff0418dec385c76785c",
                "sha256:bc978ac17468fe868ee589c795d06777f75496b1ed576d308002c8a5756fb9ea",
                "sha256:c05b41bc1deade9f90ddc5d988fe506208019ebba9f2578c622516fd201f5863",
                "sha256:c9b060bd1e5a26ab6e8267fd46fc9e02b54eb15fffb16d112d4c7b1c12987559",
                "sha256:edb04bdd45bfd76c8292c4d9654568efaedf76fe78eb246dde69bdb13b2dad87",
                "sha256:f19f2a4f547505fe9072e15f6f4ae714af51b5a681a97f187971f50c283193b6"
            ],
            "version": "==1.1.0"
        },
        "wcwidth": {
            "hashes": [
                "sha256:3df37372226d6e63e1b1e1eda15c594bca98a22d33a23832a90998faa96bc65e",
                "sha256:f4ebe71925af7b40a864553f761ed559b43544f8f71746c2d756c7fe788ade7c"
            ],
            "version": "==0.1.7"
        },
        "wrapt": {
            "hashes": [
                "sha256:d4d560d479f2c21e1b5443bbd15fe7ec4b37fe7e53d335d3b9b0a7b1226fe3c6"
            ],
            "version": "==1.10.11"
        },
        "yapf": {
            "hashes": [
                "sha256:7d8ae3567f3fb2d288f127d35e4decb3348c96cd091001e02e818465da618f90",
                "sha256:dd23b52edbb4c0461d0383050f7886175b0df9ab8fd0b67edd41f94e25770993"
            ],
            "version": "==0.21.0"
        }
    }
}
